schema: '2.0'
stages:
  baseline:
    cmd: python train.py --force
    deps:
    - path: iris_data.csv
      hash: md5
      md5: 21d441a28bce4417276097df955afc50
      size: 2928
    - path: train.py
      hash: md5
      md5: f7cee942e1286740b63aec5e9a675481
      size: 1404
    outs:
    - path: metrics.json
      hash: md5
      md5: 5932ba35784c6fee0dfa5c9e377fed31
      size: 838
  modified:
    cmd: python train_modified.py
    deps:
    - path: iris_data.csv
      hash: md5
      md5: 21d441a28bce4417276097df955afc50
      size: 2928
    - path: train_modified.py
      hash: md5
      md5: 8e43452d6a69442498ad7858962b4848
      size: 1330
    outs:
    - path: metrics_modified.json
      hash: md5
      md5: 6d6b67400259d139f23e7a769026c9c8
      size: 836
