schema: '2.0'
stages:
  baseline:
    cmd: python train.py --force
    deps:
    - path: iris_data.csv
      hash: md5
      md5: 21d441a28bce4417276097df955afc50
      size: 2928
    - path: train.py
      hash: md5
      md5: f7cee942e1286740b63aec5e9a675481
      size: 1404
    outs:
    - path: metrics.json
      hash: md5
      md5: 5932ba35784c6fee0dfa5c9e377fed31
      size: 838
  modified:
    cmd: python train_modified.py
    deps:
    - path: iris_data.csv
      hash: md5
      md5: 21d441a28bce4417276097df955afc50
      size: 2928
    - path: train_modified.py
      hash: md5
      md5: 8e43452d6a69442498ad7858962b4848
      size: 1330
    outs:
    - path: metrics_modified.json
      hash: md5
      md5: 6d6b67400259d139f23e7a769026c9c8
      size: 836
  train:
    cmd: python train.py
    deps:
    - path: iris_data.csv
      hash: md5
      md5: 21d441a28bce4417276097df955afc50
      size: 2928
    - path: train.py
      hash: md5
      md5: 27c2e074f57c1401fc70f122a48eb41b
      size: 1051
    outs:
    - path: metrics.json
      hash: md5
      md5: e1743b8e8ea15d7cafbbd2c3120dacfa
      size: 988
  train_modified:
    cmd: python train_modified.py
    deps:
    - path: iris_data.csv
      hash: md5
      md5: 21d441a28bce4417276097df955afc50
      size: 2928
    - path: train_modified.py
      hash: md5
      md5: 48d083098f34f093cbc20de1e7e038af
      size: 1071
    outs:
    - path: metrics_modified.json
      hash: md5
      md5: 5932ba35784c6fee0dfa5c9e377fed31
      size: 838
  metrics_and_plots:
    cmd: python metrics_and_plots.py
    deps:
    - path: iris_data.csv
      hash: md5
      md5: 21d441a28bce4417276097df955afc50
      size: 2928
    - path: metrics.json
      hash: md5
      md5: e1743b8e8ea15d7cafbbd2c3120dacfa
      size: 988
    - path: metrics_modified.json
      hash: md5
      md5: 5932ba35784c6fee0dfa5c9e377fed31
      size: 838
    outs:
    - path: baseline_metrics_graph.png
      hash: md5
      md5: b8dc5aa787c6e0877dedaf387eaf432c
      size: 25231
    - path: correlation_matrix.png
      hash: md5
      md5: 164453f4ff3eca23a987b31e864b3551
      size: 50600
    - path: modified_metrics_graph.png
      hash: md5
      md5: 144bd5039bbbc6e918f5de75e8ced168
      size: 26695
